
Microsoft Visual Studio Solution File, Format Version 12.00
# Visual Studio 15
VisualStudioVersion = 15.0.28307.329
MinimumVisualStudioVersion = 10.0.40219.1
Project("{FAE04EC0-301F-11D3-BF4B-00C04F79EFBC}") = "WebSistemaHotel", "WebSistemaHotel\WebSistemaHotel.csproj", "{373801D5-D8E3-47A3-8266-296475CF0090}"
EndProject
Global
	GlobalSection(SolutionConfigurationPlatforms) = preSolution
		Debug|Any CPU = Debug|Any CPU
		Release|Any CPU = Release|Any CPU
	EndGlobalSection
	GlobalSection(ProjectConfigurationPlatforms) = postSolution
		{373801D5-D8E3-47A3-8266-296475CF0090}.Debug|Any CPU.ActiveCfg = Debug|Any CPU
		{373801D5-D8E3-47A3-8266-296475CF0090}.Debug|Any CPU.Build.0 = Debug|Any CPU
		{373801D5-D8E3-47A3-8266-296475CF0090}.Release|Any CPU.ActiveCfg = Release|Any CPU
		{373801D5-D8E3-47A3-8266-296475CF0090}.Release|Any CPU.Build.0 = Release|Any CPU
	EndGlobalSection
	GlobalSection(SolutionProperties) = preSolution
		HideSolutionNode = FALSE
	EndGlobalSection
	GlobalSection(ExtensibilityGlobals) = postSolution
		SolutionGuid = {2F13F2B0-0001-4DE9-B06F-9DB7DFA7F85C}
	EndGlobalSection
EndGlobal
